github.com/boltdb/bolt v1.3.1 h1:JQmyP4ZBrce+ZQu0dY660FMfatumYDLun9hBCUVIkF4=
github.com/boltdb/bolt v1.3.1/go.mod h1:clJnj/oiGkjum5o1McbSZDSLxVThjynRyGBgiAx27Ps=
github.com/fsnotify/fsnotify v1.4.7 h1:IXs+QLmnXW2CcXuY+8Mzv/fWEsPGWxqefPtCP5CnV9I=
github.com/fsnotify/fsnotify v1.4.7/go.mod h1:jwhsz4b93w/PPRr/qN1Yymfu8t87LnFCMoQvtojpjFo=
github.com/giantswarm/retry-go v0.0.0-20151203102909-d78cea247d5e h1:i3Ox1mmSokDZD9HM8qwUf93IBRURPJK4AA/zsIDyD+E=
github.com/giantswarm/retry-go v0.0.0-20151203102909-d78cea247d5e/go.mod h1:xX0P+GaW6CQzfQGVtHV1wE7cOFkXaHFpDDa1jxr94YE=
github.com/go-chi/chi v0.0.0-20171222161133-e83ac2304db3 h1:EJsFVtoBv7ShDubFUW5uGJl18UkJktfyajiSArb9KEQ=
github.com/go-chi/chi v0.0.0-20171222161133-e83ac2304db3/go.mod h1:eB3wogJHnLi3x/kFX2A+IbTBlXxmMeXJVKy9tTv1XzQ=
github.com/go-chi/chi v3.3.2+incompatible h1:uQNcQN3NsV1j4ANsPh42P4ew4t6rnRbJb8frvpp31qQ=
github.com/go-chi/chi v3.3.2+incompatible/go.mod h1:eB3wogJHnLi3x/kFX2A+IbTBlXxmMeXJVKy9tTv1XzQ=
github.com/go-chi/cors v1.0.0 h1:e6x8k7uWbUwYs+aXDoiUzeQFT6l0cygBYyNhD7/1Tg0=
github.com/go-chi/cors v1.0.0/go.mod h1:K2Yje0VW/SJzxiyMYu6iPQYa7hMjQX2i/F491VChg1I=
github.com/go-chi/render v1.0.1/go.mod h1:pq4Rr7HbnsdaeHagklXub+p6Wd16Af5l9koip1OvJns=
github.com/gogo/protobuf v1.1.1 h1:72R+M5VuhED/KujmZVcIquuo8mBgX4oVda//DQb3PXo=
github.com/gogo/protobuf v1.1.1/go.mod h1:r8qH/GZQm5c6nD/R0oafs1akxWv10x8SbQlK7atdtwQ=
github.com/golang/crypto v0.0.0-20180723164146-c126467f60eb h1:2q2OfNDWYhxRjJbpJcpKrRsRNpNDIMq8yC+exxXB2Ow=
github.com/golang/crypto v0.0.0-20180723164146-c126467f60eb/go.mod h1:uZvAcrsnNaCxlh1HorK5dUQHGmEKPh2H/Rl1kehswPo=
github.com/hashicorp/hcl v0.0.0-20180404174102-ef8a98b0bbce h1:xdsDDbiBDQTKASoGEZ+pEmF1OnWuu8AQ9I8iNbHNeno=
github.com/hashicorp/hcl v0.0.0-20180404174102-ef8a98b0bbce/go.mod h1:oZtUIOe8dh44I2q6ScRibXws4Ajl+d+nod3AaR9vL5w=
github.com/juju/errgo v0.0.0-20140925100237-08cceb5d0b53 h1:tGpfbOOO0SV3qtMUx8O9RbJeei6VDBwnpQQ0JYIFaVg=
github.com/juju/errgo v0.0.0-20140925100237-08cceb5d0b53/go.mod h1:ZtgUe3RyZisw/AlQjgU9DeO3hqUH9E/bkreI2FLg/QY=
github.com/magiconair/properties v1.8.0 h1:LLgXmsheXeRoUOBOjtwPQCWIYqM/LU1ayDtDePerRcY=
github.com/magiconair/properties v1.8.0/go.mod h1:PppfXfuXeibc/6YijjN8zIbojt8czPbwD3XqdrwzmxQ=
github.com/miekg/dns v1.0.8 h1:Zi8HNpze3NeRWH1PQV6O71YcvJRQ6j0lORO6DAEmAAI=
github.com/miekg/dns v1.0.8/go.mod h1:W1PPwlIAgtquWBMBEV9nkV9Cazfe8ScdGz/Lj7v3Nrg=
github.com/mitchellh/mapstructure v0.0.0-20180511142126-bb74f1db0675 h1:/rdJjIiKG5rRdwG5yxHmSE/7ZREjpyC0kL7GxGT/qJw=
github.com/mitchellh/mapstructure v0.0.0-20180511142126-bb74f1db0675/go.mod h1:FVVH3fgwuzCH5S8UJGiWEs2h04kUh9fWfEaFds41c1Y=
github.com/oklog/ulid v0.3.0 h1:yEMMWFnYiPX/ytx1StIE0E1a35sm8MmWD/uSL9ZtKhg=
github.com/oklog/ulid v0.3.0/go.mod h1:CirwcVhetQ6Lv90oh/F+FBtV6XMibvdAFo93nm5qn4U=
github.com/patrickmn/go-cache v1.0.0/go.mod h1:3Qf8kWWT7OJRJbdiICTKqZju1ZixQ/KpMGzzAfe6+WQ=
github.com/pelletier/go-toml v1.1.0 h1:cmiOvKzEunMsAxyhXSzpL5Q1CRKpVv0KQsnAIcSEVYM=
github.com/pelletier/go-toml v1.1.0/go.mod h1:5z9KED0ma1S8pY6P1sdut58dfprrGBbd/94hg7ilaic=
github.com/pressly/chi v1.0.0/go.mod h1:s/kslmeFE633XtTPvfX2olbs4ymzIHxGGXmEJ/AvPT8=
github.com/shurcooL/httpfs v0.0.0-20171119174359-809beceb2371 h1:SWV2fHctRpRrp49VXJ6UZja7gU9QLHwRpIPBN89SKEo=
github.com/shurcooL/httpfs v0.0.0-20171119174359-809beceb2371/go.mod h1:ZY1cvUeJuFPAdZ/B6v7RHavJWZn2YPVFQ1OSXhCGOkg=
github.com/shurcooL/vfsgen v0.0.0-20180711163814-62bca832be04 h1:y0cMJ0qjii33BnD6tMGcF/+gHYsoKQ6tbwQpy233OII=
github.com/shurcooL/vfsgen v0.0.0-20180711163814-62bca832be04/go.mod h1:TrYk7fJVaAttu97ZZKrO9UbRa8izdowaMIZcxYMbVaw=
github.com/spf13/afero v1.1.0 h1:bopulORc2JeYaxfHLvJa5NzxviA9PoWhpiiJkru7Ji4=
github.com/spf13/afero v1.1.0/go.mod h1:j4pytiNVoe2o6bmDsKpLACNPDBIoEAkihy7loJ1B0CQ=
github.com/spf13/cast v1.2.0 h1:HHl1DSRbEQN2i8tJmtS6ViPyHx35+p51amrdsiTCrkg=
github.com/spf13/cast v1.2.0/go.mod h1:r2rcYCSwa1IExKTDiTfzaxqT2FNHs8hODu4LnUfgKEg=
github.com/spf13/jwalterweatherman v0.0.0-20180109140146-7c0cea34c8ec h1:2ZXvIUGghLpdTVHR1UfvfrzoVlZaE/yOWC5LueIHZig=
github.com/spf13/jwalterweatherman v0.0.0-20180109140146-7c0cea34c8ec/go.mod h1:cQK4TGJAtQXfYWX+Ddv3mKDzgVb68N+wFjFa4jdeBTo=
github.com/spf13/pflag v1.0.1 h1:aCvUg6QPl3ibpQUxyLkrEkCHtPqYJL4x9AuhqVqFis4=
github.com/spf13/pflag v1.0.1/go.mod h1:DYY7MBk1bdzusC3SYhjObp+wFpr4gzcvqqNjLnInEg4=
github.com/spf13/viper v1.0.2 h1:Ncr3ZIuJn322w2k1qmzXDnkLAdQMlJqBa9kfAH+irso=
github.com/spf13/viper v1.0.2/go.mod h1:A8kyI5cUJhb8N+3pkfONlcEcZbueH6nhAm0Fq7SrnBM=
github.com/wpdirectory/wporg v0.0.0-20180705220451-186d0b4cf9e0 h1:FzPiVg0gg3E4hprnC0JbrTHwFwzPZIpDA+AkWX0x8vs=
github.com/wpdirectory/wporg v0.0.0-20180705220451-186d0b4cf9e0/go.mod h1:vvrKlUIujGRH7+zK09/6c51LPyRhRp3Fin9mqn5uL5A=
github.com/wpdirectory/wporg v0.0.0-20180725150937-9d95908c6cca h1:QkMLlUALF65yslAQUFV5DWhwCJ1fD74FlSGXG5njtMs=
github.com/wpdirectory/wporg v0.0.0-20180725150937-9d95908c6cca/go.mod h1:vvrKlUIujGRH7+zK09/6c51LPyRhRp3Fin9mqn5uL5A=
github.com/wpdirectory/wporg v0.0.0-20180801160027-1a6caaeed4c9 h1:pwTcLQZaV7tWBm8d5NF5HJePp/hCAmgWfp4mQ9IyFe0=
github.com/wpdirectory/wporg v0.0.0-20180801160027-1a6caaeed4c9/go.mod h1:vvrKlUIujGRH7+zK09/6c51LPyRhRp3Fin9mqn5uL5A=
github.com/wpdirectory/wporg v0.0.0-20180801191714-f880004e0fbc h1:hw5o+m4LdZ9iiMMiKQSxeijGjg0wizwf9gC7mqZDG/g=
github.com/wpdirectory/wporg v0.0.0-20180801191714-f880004e0fbc/go.mod h1:vvrKlUIujGRH7+zK09/6c51LPyRhRp3Fin9mqn5uL5A=
github.com/wpdirectory/wporg v0.0.0-20180801205955-3f5e76627e7b h1:r3Le7yzoaXyoKriUUSmSd8WOB3J9R+fJCgfwMK8XwzQ=
github.com/wpdirectory/wporg v0.0.0-20180801205955-3f5e76627e7b/go.mod h1:vvrKlUIujGRH7+zK09/6c51LPyRhRp3Fin9mqn5uL5A=
github.com/wpdirectory/wporg v0.0.0-20180801221812-e8406b8307de h1:VyuzkZ8BMxfNrOoIAkW9/mojD9jfESqKyg/4hnYQdOU=
github.com/wpdirectory/wporg v0.0.0-20180801221812-e8406b8307de/go.mod h1:vvrKlUIujGRH7+zK09/6c51LPyRhRp3Fin9mqn5uL5A=
github.com/wpdirectory/wporg v0.0.0-20180801223137-8c91e16b74cf h1:EgE4C4qrbevOzEbbuwpXHqll0F6I2RBN/Aamb4Fk1aM=
github.com/wpdirectory/wporg v0.0.0-20180801223137-8c91e16b74cf/go.mod h1:vvrKlUIujGRH7+zK09/6c51LPyRhRp3Fin9mqn5uL5A=
github.com/xenolf/lego v1.0.1 h1:Rr9iqO8MoNxY6OvqdIZTnNZ8bwt0RNz00nGXfoTq4Bc=
github.com/xenolf/lego v1.0.1/go.mod h1:fwiGnfsIjG7OHPfOvgK7Y/Qo6+2Ox0iozjNTkZICKbY=
golang.org/x/crypto v0.0.0-20180718160520-a2144134853f h1:lRy+hhwk7YT7MsKejxuz0C5Q1gk6p/QoPQYEmKmGFb8=
golang.org/x/crypto v0.0.0-20180718160520-a2144134853f/go.mod h1:6SG95UA2DQfeDnfUPMdvaQW0Q7yPrPDi9nlGo2tz2b4=
golang.org/x/net v0.0.0-20180530234432-1e491301e022/go.mod h1:mL1N/T3taQHkDXs73rZJwtUhF3w3ftmwwsq0BUmARs4=
golang.org/x/text v0.3.0 h1:g61tztE5qeGQ89tm6NTjjM9VPIm088od1l6aSorWRWg=
golang.org/x/text v0.3.0/go.mod h1:NqM8EUOU14njkJ3fqMW+pc6Ldnwhi/IjpwHt7yyuwOQ=
gopkg.in/check.v1 v0.0.0-20161208181325-20d25e280405/go.mod h1:Co6ibVJAznAaIkqp8huTwlJQCZ016jof/cbN4VW5Yz0=
gopkg.in/square/go-jose.v2 v2.1.6 h1:oB3Nsrhs3CNwP1t2WZ/eGtjH8BQhmcGx3zD8Lla+NjA=
gopkg.in/square/go-jose.v2 v2.1.6/go.mod h1:M9dMgbHiYLoDGQrXy7OpJDJWiKiU//h+vD76mk0e1AI=
gopkg.in/yaml.v2 v2.2.1 h1:mUhvW9EsL+naU5Q3cakzfE91YhliOondGd6ZrsDBHQE=
gopkg.in/yaml.v2 v2.2.1/go.mod h1:hI93XBmqTisBFMUTm0b8Fm+jr3Dg1NNxqwp+5A1VGuI=
